
Microsoft Visual Studio Solution File, Format Version 12.00
# Visual Studio Version 17
VisualStudioVersion = 17.6.33723.286
MinimumVisualStudioVersion = 10.0.40219.1
Project("{FAE04EC0-301F-11D3-BF4B-00C04F79EFBC}") = "Snake", "Snake\Snake.csproj", "{DB497349-C8BD-4A5E-8A25-19B334E361D7}"
EndProject
Global
	GlobalSection(SolutionConfigurationPlatforms) = preSolution
		Debug|Any CPU = Debug|Any CPU
		Release|Any CPU = Release|Any CPU
	EndGlobalSection
	GlobalSection(ProjectConfigurationPlatforms) = postSolution
		{DB497349-C8BD-4A5E-8A25-19B334E361D7}.Debug|Any CPU.ActiveCfg = Debug|Any CPU
		{DB497349-C8BD-4A5E-8A25-19B334E361D7}.Debug|Any CPU.Build.0 = Debug|Any CPU
		{DB497349-C8BD-4A5E-8A25-19B334E361D7}.Release|Any CPU.ActiveCfg = Release|Any CPU
		{DB497349-C8BD-4A5E-8A25-19B334E361D7}.Release|Any CPU.Build.0 = Release|Any CPU
	EndGlobalSection
	GlobalSection(SolutionProperties) = preSolution
		HideSolutionNode = FALSE
	EndGlobalSection
	GlobalSection(ExtensibilityGlobals) = postSolution
		SolutionGuid = {B778B39F-A8E1-453E-A533-0D84C443E6DE}
	EndGlobalSection
EndGlobal
